{
  "requires": true,
  "lockfileVersion": 1,
  "dependencies": {
    "palindromejstutorial": {
      "version": "1.0.0",
      "resolved": "https://registry.npmjs.org/palindromejstutorial/-/palindromejstutorial-1.0.0.tgz",
      "integrity": "sha512-U64edEwIurLDFVxjawgOmrCsZ170fKaml8pdvsL5hoJGTZQp5IMGhPTmD44bXhzuUGeXqJr5y5EL6/crYSSFaQ=="
    }
  }
}
